
Microsoft Visual Studio Solution File, Format Version 12.00
# Visual Studio Version 17
VisualStudioVersion = 17.5.33530.505
MinimumVisualStudioVersion = 10.0.40219.1
Project("{FAE04EC0-301F-11D3-BF4B-00C04F79EFBC}") = "Persons", "Persons.csproj", "{6107F73B-08B1-4A9A-A8E3-D22AF18E0FD6}"
EndProject
Project("{FAE04EC0-301F-11D3-BF4B-00C04F79EFBC}") = "PersonsTest", "..\PersonsTest\PersonsTest.csproj", "{2EA032D2-4C79-47AB-9EBA-CBB2A4F29B78}"
EndProject
Global
	GlobalSection(SolutionConfigurationPlatforms) = preSolution
		Debug|Any CPU = Debug|Any CPU
		Release|Any CPU = Release|Any CPU
	EndGlobalSection
	GlobalSection(ProjectConfigurationPlatforms) = postSolution
		{6107F73B-08B1-4A9A-A8E3-D22AF18E0FD6}.Debug|Any CPU.ActiveCfg = Debug|Any CPU
		{6107F73B-08B1-4A9A-A8E3-D22AF18E0FD6}.Debug|Any CPU.Build.0 = Debug|Any CPU
		{6107F73B-08B1-4A9A-A8E3-D22AF18E0FD6}.Release|Any CPU.ActiveCfg = Release|Any CPU
		{6107F73B-08B1-4A9A-A8E3-D22AF18E0FD6}.Release|Any CPU.Build.0 = Release|Any CPU
		{2EA032D2-4C79-47AB-9EBA-CBB2A4F29B78}.Debug|Any CPU.ActiveCfg = Debug|Any CPU
		{2EA032D2-4C79-47AB-9EBA-CBB2A4F29B78}.Debug|Any CPU.Build.0 = Debug|Any CPU
		{2EA032D2-4C79-47AB-9EBA-CBB2A4F29B78}.Release|Any CPU.ActiveCfg = Release|Any CPU
		{2EA032D2-4C79-47AB-9EBA-CBB2A4F29B78}.Release|Any CPU.Build.0 = Release|Any CPU
	EndGlobalSection
	GlobalSection(SolutionProperties) = preSolution
		HideSolutionNode = FALSE
	EndGlobalSection
	GlobalSection(ExtensibilityGlobals) = postSolution
		SolutionGuid = {3959A8F1-E424-47B7-B48F-7BB811502E0B}
	EndGlobalSection
EndGlobal
