
Microsoft Visual Studio Solution File, Format Version 12.00
# Visual Studio Version 17
VisualStudioVersion = 17.5.33530.505
MinimumVisualStudioVersion = 10.0.40219.1
Project("{FAE04EC0-301F-11D3-BF4B-00C04F79EFBC}") = "PersonsWebApp", "PersonsWebApp\PersonsWebApp.csproj", "{CCED7C13-A743-4D7B-AF1C-A87544726BF0}"
EndProject
Project("{FAE04EC0-301F-11D3-BF4B-00C04F79EFBC}") = "PersonsTest", "PersonsTest\PersonsTest.csproj", "{F119B36D-3075-45CB-8FF2-8C0065CA42D7}"
EndProject
Global
	GlobalSection(SolutionConfigurationPlatforms) = preSolution
		Debug|Any CPU = Debug|Any CPU
		Release|Any CPU = Release|Any CPU
	EndGlobalSection
	GlobalSection(ProjectConfigurationPlatforms) = postSolution
		{CCED7C13-A743-4D7B-AF1C-A87544726BF0}.Debug|Any CPU.ActiveCfg = Debug|Any CPU
		{CCED7C13-A743-4D7B-AF1C-A87544726BF0}.Debug|Any CPU.Build.0 = Debug|Any CPU
		{CCED7C13-A743-4D7B-AF1C-A87544726BF0}.Release|Any CPU.ActiveCfg = Release|Any CPU
		{CCED7C13-A743-4D7B-AF1C-A87544726BF0}.Release|Any CPU.Build.0 = Release|Any CPU
		{F119B36D-3075-45CB-8FF2-8C0065CA42D7}.Debug|Any CPU.ActiveCfg = Debug|Any CPU
		{F119B36D-3075-45CB-8FF2-8C0065CA42D7}.Debug|Any CPU.Build.0 = Debug|Any CPU
		{F119B36D-3075-45CB-8FF2-8C0065CA42D7}.Release|Any CPU.ActiveCfg = Release|Any CPU
		{F119B36D-3075-45CB-8FF2-8C0065CA42D7}.Release|Any CPU.Build.0 = Release|Any CPU
	EndGlobalSection
	GlobalSection(SolutionProperties) = preSolution
		HideSolutionNode = FALSE
	EndGlobalSection
	GlobalSection(ExtensibilityGlobals) = postSolution
		SolutionGuid = {A5C605EE-A32A-4FAD-ACDF-69A596E16FEC}
	EndGlobalSection
EndGlobal
